
Microsoft Visual Studio Solution File, Format Version 12.00
# Visual Studio Version 17
VisualStudioVersion = 17.14.36915.13 d17.14
MinimumVisualStudioVersion = 10.0.40219.1
Project("{FAE04EC0-301F-11D3-BF4B-00C04F79EFBC}") = "ConsoleApp1OOP6", "ConsoleApp1OOP6\ConsoleApp1OOP6.csproj", "{6B84E17E-0B18-4D2E-A6DD-31A51F6DF3BE}"
EndProject
Global
	GlobalSection(SolutionConfigurationPlatforms) = preSolution
		Debug|Any CPU = Debug|Any CPU
		Release|Any CPU = Release|Any CPU
	EndGlobalSection
	GlobalSection(ProjectConfigurationPlatforms) = postSolution
		{6B84E17E-0B18-4D2E-A6DD-31A51F6DF3BE}.Debug|Any CPU.ActiveCfg = Debug|Any CPU
		{6B84E17E-0B18-4D2E-A6DD-31A51F6DF3BE}.Debug|Any CPU.Build.0 = Debug|Any CPU
		{6B84E17E-0B18-4D2E-A6DD-31A51F6DF3BE}.Release|Any CPU.ActiveCfg = Release|Any CPU
		{6B84E17E-0B18-4D2E-A6DD-31A51F6DF3BE}.Release|Any CPU.Build.0 = Release|Any CPU
	EndGlobalSection
	GlobalSection(SolutionProperties) = preSolution
		HideSolutionNode = FALSE
	EndGlobalSection
	GlobalSection(ExtensibilityGlobals) = postSolution
		SolutionGuid = {EAE440D7-85ED-470E-BDFB-6D520EC5B1CF}
	EndGlobalSection
EndGlobal
